// !$*UTF8*$!
{
	archiveVersion = 1;
	classes = {
	};
	objectVersion = 46;
	objects = {

/* Begin PBXBuildFile section */
		50ECDF1CEE7F3CC3C451B39F /* libPods-ksvdlmobile.a in Frameworks */ = {isa = PBXBuildFile; fileRef = E30B9D118234C0DD47CBB66C /* libPods-ksvdlmobile.a */; };
		5933A6BB1B14AD9300831D7D /* AccessionTableCell.m in Sources */ = {isa = PBXBuildFile; fileRef = 5933A6BA1B14AD9300831D7D /* AccessionTableCell.m */; };
		5933A6BE1B14AFAE00831D7D /* AccessionTableViewController.m in Sources */ = {isa = PBXBuildFile; fileRef = 5933A6BD1B14AFAE00831D7D /* AccessionTableViewController.m */; };
		593EBCCE1B17B6D8002927B4 /* AccessionReportViewController.m in Sources */ = {isa = PBXBuildFile; fileRef = 593EBCCD1B17B6D8002927B4 /* AccessionReportViewController.m */; };
		593EBD071B18F656002927B4 /* view-report-button.png in Resources */ = {isa = PBXBuildFile; fileRef = 593EBD061B18F656002927B4 /* view-report-button.png */; };
		5959A3041B0D18C2005821B0 /* HomeViewController.m in Sources */ = {isa = PBXBuildFile; fileRef = 5959A3031B0D18C2005821B0 /* HomeViewController.m */; };
		59649ECB1AEF1E0A00E5F1AD /* main.m in Sources */ = {isa = PBXBuildFile; fileRef = 59649ECA1AEF1E0A00E5F1AD /* main.m */; };
		59649ECE1AEF1E0A00E5F1AD /* AppDelegate.m in Sources */ = {isa = PBXBuildFile; fileRef = 59649ECD1AEF1E0A00E5F1AD /* AppDelegate.m */; };
		59649ED11AEF1E0A00E5F1AD /* LoginViewController.m in Sources */ = {isa = PBXBuildFile; fileRef = 59649ED01AEF1E0A00E5F1AD /* LoginViewController.m */; };
		59649ED41AEF1E0A00E5F1AD /* Main.storyboard in Resources */ = {isa = PBXBuildFile; fileRef = 59649ED21AEF1E0A00E5F1AD /* Main.storyboard */; };
		59649ED61AEF1E0A00E5F1AD /* Images.xcassets in Resources */ = {isa = PBXBuildFile; fileRef = 59649ED51AEF1E0A00E5F1AD /* Images.xcassets */; };
		59649ED91AEF1E0A00E5F1AD /* LaunchScreen.xib in Resources */ = {isa = PBXBuildFile; fileRef = 59649ED71AEF1E0A00E5F1AD /* LaunchScreen.xib */; };
		59649EE51AEF1E0A00E5F1AD /* ksvdlmobileTests.m in Sources */ = {isa = PBXBuildFile; fileRef = 59649EE41AEF1E0A00E5F1AD /* ksvdlmobileTests.m */; };
		59649EF71AF129D300E5F1AD /* Security.framework in Frameworks */ = {isa = PBXBuildFile; fileRef = 59649EF61AF129D300E5F1AD /* Security.framework */; };
		59649EFA1AF12A3E00E5F1AD /* KeychainItemWrapper.m in Sources */ = {isa = PBXBuildFile; fileRef = 59649EF91AF12A3E00E5F1AD /* KeychainItemWrapper.m */; };
		59649F001B0B82DC00E5F1AD /* AFOAuth2Client.m in Sources */ = {isa = PBXBuildFile; fileRef = 59649EFF1B0B82DC00E5F1AD /* AFOAuth2Client.m */; };
		59649F031B0CC48400E5F1AD /* AuthAPIClient.m in Sources */ = {isa = PBXBuildFile; fileRef = 59649F021B0CC48400E5F1AD /* AuthAPIClient.m */; };
		59A024961B45C9AC00B3A0F7 /* GradientView.m in Sources */ = {isa = PBXBuildFile; fileRef = 59A024951B45C9AC00B3A0F7 /* GradientView.m */; };
		59A024991B4AD90800B3A0F7 /* HttpClient.m in Sources */ = {isa = PBXBuildFile; fileRef = 59A024981B4AD90800B3A0F7 /* HttpClient.m */; };
		59A0249C1B4ADA2900B3A0F7 /* GlobalConstants.m in Sources */ = {isa = PBXBuildFile; fileRef = 59A0249B1B4ADA2900B3A0F7 /* GlobalConstants.m */; };
		59A024C01B4D88DF00B3A0F7 /* SVWebViewController.strings in Resources */ = {isa = PBXBuildFile; fileRef = 59A024A11B4D88DF00B3A0F7 /* SVWebViewController.strings */; };
		59A024C11B4D88DF00B3A0F7 /* SVModalWebViewController.m in Sources */ = {isa = PBXBuildFile; fileRef = 59A024AB1B4D88DF00B3A0F7 /* SVModalWebViewController.m */; };
		59A024C21B4D88DF00B3A0F7 /* SVWebViewController.bundle in Resources */ = {isa = PBXBuildFile; fileRef = 59A024AC1B4D88DF00B3A0F7 /* SVWebViewController.bundle */; };
		59A024C31B4D88DF00B3A0F7 /* SVWebViewController.m in Sources */ = {isa = PBXBuildFile; fileRef = 59A024AE1B4D88DF00B3A0F7 /* SVWebViewController.m */; };
		59A024C41B4D88DF00B3A0F7 /* SVWebViewControllerActivityChrome-iPad.png in Resources */ = {isa = PBXBuildFile; fileRef = 59A024B11B4D88DF00B3A0F7 /* SVWebViewControllerActivityChrome-iPad.png */; };
		59A024C51B4D88DF00B3A0F7 /* SVWebViewControllerActivityChrome-iPad@2x.png in Resources */ = {isa = PBXBuildFile; fileRef = 59A024B21B4D88DF00B3A0F7 /* SVWebViewControllerActivityChrome-iPad@2x.png */; };
		59A024C61B4D88DF00B3A0F7 /* SVWebViewControllerActivityChrome.m in Sources */ = {isa = PBXBuildFile; fileRef = 59A024B41B4D88DF00B3A0F7 /* SVWebViewControllerActivityChrome.m */; };
		59A024C71B4D88DF00B3A0F7 /* SVWebViewControllerActivityChrome@2x.png in Resources */ = {isa = PBXBuildFile; fileRef = 59A024B51B4D88DF00B3A0F7 /* SVWebViewControllerActivityChrome@2x.png */; };
		59A024C81B4D88DF00B3A0F7 /* SVWebViewControllerActivitySafari-iPad.png in Resources */ = {isa = PBXBuildFile; fileRef = 59A024B71B4D88DF00B3A0F7 /* SVWebViewControllerActivitySafari-iPad.png */; };
		59A024C91B4D88DF00B3A0F7 /* SVWebViewControllerActivitySafari-iPad@2x.png in Resources */ = {isa = PBXBuildFile; fileRef = 59A024B81B4D88DF00B3A0F7 /* SVWebViewControllerActivitySafari-iPad@2x.png */; };
		59A024CA1B4D88DF00B3A0F7 /* SVWebViewControllerActivitySafari.m in Sources */ = {isa = PBXBuildFile; fileRef = 59A024BA1B4D88DF00B3A0F7 /* SVWebViewControllerActivitySafari.m */; };
		59A024CB1B4D88DF00B3A0F7 /* SVWebViewControllerActivitySafari@2x.png in Resources */ = {isa = PBXBuildFile; fileRef = 59A024BB1B4D88DF00B3A0F7 /* SVWebViewControllerActivitySafari@2x.png */; };
		59A024CC1B4D88DF00B3A0F7 /* SVWebViewControllerActivity.m in Sources */ = {isa = PBXBuildFile; fileRef = 59A024BD1B4D88DF00B3A0F7 /* SVWebViewControllerActivity.m */; };
		59C2FA021B544A9600AA5020 /* Report.png in Resources */ = {isa = PBXBuildFile; fileRef = 59C2FA011B544A9600AA5020 /* Report.png */; };
		59ECE34D1B27655800F38902 /* CGPDFDocument.m in Sources */ = {isa = PBXBuildFile; fileRef = 59ECE34A1B27655800F38902 /* CGPDFDocument.m */; };
		59ECE34E1B27655800F38902 /* PDFKDocument.m in Sources */ = {isa = PBXBuildFile; fileRef = 59ECE34C1B27655800F38902 /* PDFKDocument.m */; };
		59ECE35D1B27658900F38902 /* PDFKBasicPDFViewer.m in Sources */ = {isa = PBXBuildFile; fileRef = 59ECE3501B27658900F38902 /* PDFKBasicPDFViewer.m */; };
		59ECE35E1B27658900F38902 /* PDFKBasicPDFViewerSinglePageCollectionView.m in Sources */ = {isa = PBXBuildFile; fileRef = 59ECE3521B27658900F38902 /* PDFKBasicPDFViewerSinglePageCollectionView.m */; };
		59ECE35F1B27658900F38902 /* PDFKBasicPDFViewerThumbsCollectionView.m in Sources */ = {isa = PBXBuildFile; fileRef = 59ECE3541B27658900F38902 /* PDFKBasicPDFViewerThumbsCollectionView.m */; };
		59ECE3601B27658900F38902 /* PDFKPageContent.m in Sources */ = {isa = PBXBuildFile; fileRef = 59ECE3561B27658900F38902 /* PDFKPageContent.m */; };
		59ECE3611B27658900F38902 /* PDFKPageContentLayer.m in Sources */ = {isa = PBXBuildFile; fileRef = 59ECE3581B27658900F38902 /* PDFKPageContentLayer.m */; };
		59ECE3621B27658900F38902 /* PDFKPageContentView.m in Sources */ = {isa = PBXBuildFile; fileRef = 59ECE35A1B27658900F38902 /* PDFKPageContentView.m */; };
		59ECE3631B27658900F38902 /* PDFKPageScrubber.m in Sources */ = {isa = PBXBuildFile; fileRef = 59ECE35C1B27658900F38902 /* PDFKPageScrubber.m */; };
		59ECE3701B276BD400F38902 /* PDFKThumbCache.m in Sources */ = {isa = PBXBuildFile; fileRef = 59ECE3651B276BD400F38902 /* PDFKThumbCache.m */; };
		59ECE3711B276BD400F38902 /* PDFKThumbFetcher.m in Sources */ = {isa = PBXBuildFile; fileRef = 59ECE3671B276BD400F38902 /* PDFKThumbFetcher.m */; };
		59ECE3721B276BD400F38902 /* PDFKThumbQueue.m in Sources */ = {isa = PBXBuildFile; fileRef = 59ECE3691B276BD400F38902 /* PDFKThumbQueue.m */; };
		59ECE3731B276BD400F38902 /* PDFKThumbRenderer.m in Sources */ = {isa = PBXBuildFile; fileRef = 59ECE36B1B276BD400F38902 /* PDFKThumbRenderer.m */; };
		59ECE3741B276BD400F38902 /* PDFKThumbRequest.m in Sources */ = {isa = PBXBuildFile; fileRef = 59ECE36D1B276BD400F38902 /* PDFKThumbRequest.m */; };
		59ECE3751B276BD400F38902 /* PDFKThumbView.m in Sources */ = {isa = PBXBuildFile; fileRef = 59ECE36F1B276BD400F38902 /* PDFKThumbView.m */; };
		59ECE37D1B276D0300F38902 /* TTOpenInAppActivity.m in Sources */ = {isa = PBXBuildFile; fileRef = 59ECE3781B276D0300F38902 /* TTOpenInAppActivity.m */; };
		59ECE37E1B276D0300F38902 /* TTOpenInAppActivity.png in Resources */ = {isa = PBXBuildFile; fileRef = 59ECE3791B276D0300F38902 /* TTOpenInAppActivity.png */; };
		59ECE37F1B276D0300F38902 /* TTOpenInAppActivity@2x.png in Resources */ = {isa = PBXBuildFile; fileRef = 59ECE37A1B276D0300F38902 /* TTOpenInAppActivity@2x.png */; };
		59ECE3801B276D0300F38902 /* TTOpenInAppActivity7.png in Resources */ = {isa = PBXBuildFile; fileRef = 59ECE37B1B276D0300F38902 /* TTOpenInAppActivity7.png */; };
		59ECE3811B276D0300F38902 /* TTOpenInAppActivity7@2x.png in Resources */ = {isa = PBXBuildFile; fileRef = 59ECE37C1B276D0300F38902 /* TTOpenInAppActivity7@2x.png */; };
		59ECE39C1B276D9900F38902 /* Bookmark.png in Resources */ = {isa = PBXBuildFile; fileRef = 59ECE3841B276D9900F38902 /* Bookmark.png */; };
		59ECE39D1B276D9900F38902 /* Bookmark.psd in Resources */ = {isa = PBXBuildFile; fileRef = 59ECE3851B276D9900F38902 /* Bookmark.psd */; };
		59ECE39E1B276D9900F38902 /* Bookmark@2x.png in Resources */ = {isa = PBXBuildFile; fileRef = 59ECE3861B276D9900F38902 /* Bookmark@2x.png */; };
		59ECE39F1B276D9900F38902 /* Bookmark@2x.psd in Resources */ = {isa = PBXBuildFile; fileRef = 59ECE3871B276D9900F38902 /* Bookmark@2x.psd */; };
		59ECE3A01B276D9900F38902 /* Bookmark@3x.png in Resources */ = {isa = PBXBuildFile; fileRef = 59ECE3881B276D9900F38902 /* Bookmark@3x.png */; };
		59ECE3A11B276D9900F38902 /* Bookmark@3x.psd in Resources */ = {isa = PBXBuildFile; fileRef = 59ECE3891B276D9900F38902 /* Bookmark@3x.psd */; };
		59ECE3A21B276D9900F38902 /* Bookmarked.png in Resources */ = {isa = PBXBuildFile; fileRef = 59ECE38A1B276D9900F38902 /* Bookmarked.png */; };
		59ECE3A31B276D9900F38902 /* Bookmarked.psd in Resources */ = {isa = PBXBuildFile; fileRef = 59ECE38B1B276D9900F38902 /* Bookmarked.psd */; };
		59ECE3A41B276D9900F38902 /* Bookmarked@2x.png in Resources */ = {isa = PBXBuildFile; fileRef = 59ECE38C1B276D9900F38902 /* Bookmarked@2x.png */; };
		59ECE3A51B276D9900F38902 /* Bookmarked@2x.psd in Resources */ = {isa = PBXBuildFile; fileRef = 59ECE38D1B276D9900F38902 /* Bookmarked@2x.psd */; };
		59ECE3A61B276D9900F38902 /* Bookmarked@3x.png in Resources */ = {isa = PBXBuildFile; fileRef = 59ECE38E1B276D9900F38902 /* Bookmarked@3x.png */; };
		59ECE3A71B276D9900F38902 /* Bookmarked@3x.psd in Resources */ = {isa = PBXBuildFile; fileRef = 59ECE38F1B276D9900F38902 /* Bookmarked@3x.psd */; };
		59ECE3A81B276D9900F38902 /* PageList.png in Resources */ = {isa = PBXBuildFile; fileRef = 59ECE3901B276D9900F38902 /* PageList.png */; };
		59ECE3A91B276D9900F38902 /* PageList.psd in Resources */ = {isa = PBXBuildFile; fileRef = 59ECE3911B276D9900F38902 /* PageList.psd */; };
		59ECE3AA1B276D9900F38902 /* PageList@2x.png in Resources */ = {isa = PBXBuildFile; fileRef = 59ECE3921B276D9900F38902 /* PageList@2x.png */; };
		59ECE3AB1B276D9900F38902 /* PageList@2x.psd in Resources */ = {isa = PBXBuildFile; fileRef = 59ECE3931B276D9900F38902 /* PageList@2x.psd */; };
		59ECE3AC1B276D9900F38902 /* PageList@3x.png in Resources */ = {isa = PBXBuildFile; fileRef = 59ECE3941B276D9900F38902 /* PageList@3x.png */; };
		59ECE3AD1B276D9900F38902 /* PageList@3x.psd in Resources */ = {isa = PBXBuildFile; fileRef = 59ECE3951B276D9900F38902 /* PageList@3x.psd */; };
		59ECE3AE1B276D9900F38902 /* Thumbs.png in Resources */ = {isa = PBXBuildFile; fileRef = 59ECE3961B276D9900F38902 /* Thumbs.png */; };
		59ECE3AF1B276D9900F38902 /* Thumbs.psd in Resources */ = {isa = PBXBuildFile; fileRef = 59ECE3971B276D9900F38902 /* Thumbs.psd */; };
		59ECE3B01B276D9900F38902 /* Thumbs@2x.png in Resources */ = {isa = PBXBuildFile; fileRef = 59ECE3981B276D9900F38902 /* Thumbs@2x.png */; };
		59ECE3B11B276D9900F38902 /* Thumbs@2x.psd in Resources */ = {isa = PBXBuildFile; fileRef = 59ECE3991B276D9900F38902 /* Thumbs@2x.psd */; };
		59ECE3B21B276D9900F38902 /* Thumbs@3x.png in Resources */ = {isa = PBXBuildFile; fileRef = 59ECE39A1B276D9900F38902 /* Thumbs@3x.png */; };
		59ECE3B31B276D9900F38902 /* Thumbs@3x.psd in Resources */ = {isa = PBXBuildFile; fileRef = 59ECE39B1B276D9900F38902 /* Thumbs@3x.psd */; };
		CD31DD4D1B20D7D200451866 /* NavigationViewController.m in Sources */ = {isa = PBXBuildFile; fileRef = CD31DD4C1B20D7D200451866 /* NavigationViewController.m */; };
		CD6694DC1B42D0B600FC6E70 /* AddTestViewController.m in Sources */ = {isa = PBXBuildFile; fileRef = CD6694DB1B42D0B600FC6E70 /* AddTestViewController.m */; };
		CD6694DE1B42D5CB00FC6E70 /* addtests.png in Resources */ = {isa = PBXBuildFile; fileRef = CD6694DD1B42D5CB00FC6E70 /* addtests.png */; };
		CD717D671B55892700C28FAF /* MessageUI.framework in Frameworks */ = {isa = PBXBuildFile; fileRef = CD5E1BA81B55797A0068225F /* MessageUI.framework */; };
		CDE49ACF1B21F79200A98FFA /* SWRevealViewController.m in Sources */ = {isa = PBXBuildFile; fileRef = CDE49ACE1B21F79200A98FFA /* SWRevealViewController.m */; };
		CDE49AD11B21F7D000A98FFA /* L3MEB.png in Resources */ = {isa = PBXBuildFile; fileRef = CDE49AD01B21F7D000A98FFA /* L3MEB.png */; };
		CDF95CAE1B603C3C00136270 /* nav_bg.png in Resources */ = {isa = PBXBuildFile; fileRef = CDF95CAD1B603C3C00136270 /* nav_bg.png */; };
/* End PBXBuildFile section */

/* Begin PBXContainerItemProxy section */
		59649EDF1AEF1E0A00E5F1AD /* PBXContainerItemProxy */ = {
			isa = PBXContainerItemProxy;
			containerPortal = 59649EBD1AEF1E0A00E5F1AD /* Project object */;
			proxyType = 1;
			remoteGlobalIDString = 59649EC41AEF1E0A00E5F1AD;
			remoteInfo = ksvdlmobile;
		};
/* End PBXContainerItemProxy section */

/* Begin PBXFileReference section */
		44D0E988BE2DFEA4D0756528 /* Pods-ksvdlmobile.release.xcconfig */ = {isa = PBXFileReference; includeInIndex = 1; lastKnownFileType = text.xcconfig; name = "Pods-ksvdlmobile.release.xcconfig"; path = "Pods/Target Support Files/Pods-ksvdlmobile/Pods-ksvdlmobile.release.xcconfig"; sourceTree = "<group>"; };
		5933A6B91B14AD9300831D7D /* AccessionTableCell.h */ = {isa = PBXFileReference; fileEncoding = 4; lastKnownFileType = sourcecode.c.h; path = AccessionTableCell.h; sourceTree = "<group>"; };
		5933A6BA1B14AD9300831D7D /* AccessionTableCell.m */ = {isa = PBXFileReference; fileEncoding = 4; lastKnownFileType = sourcecode.c.objc; path = AccessionTableCell.m; sourceTree = "<group>"; };
		5933A6BC1B14AFAE00831D7D /* AccessionTableViewController.h */ = {isa = PBXFileReference; fileEncoding = 4; lastKnownFileType = sourcecode.c.h; path = AccessionTableViewController.h; sourceTree = "<group>"; };
		5933A6BD1B14AFAE00831D7D /* AccessionTableViewController.m */ = {isa = PBXFileReference; fileEncoding = 4; lastKnownFileType = sourcecode.c.objc; path = AccessionTableViewController.m; sourceTree = "<group>"; };
		593EBCCC1B17B6D8002927B4 /* AccessionReportViewController.h */ = {isa = PBXFileReference; fileEncoding = 4; lastKnownFileType = sourcecode.c.h; path = AccessionReportViewController.h; sourceTree = "<group>"; };
		593EBCCD1B17B6D8002927B4 /* AccessionReportViewController.m */ = {isa = PBXFileReference; fileEncoding = 4; lastKnownFileType = sourcecode.c.objc; path = AccessionReportViewController.m; sourceTree = "<group>"; };
		593EBD061B18F656002927B4 /* view-report-button.png */ = {isa = PBXFileReference; lastKnownFileType = image.png; path = "view-report-button.png"; sourceTree = "<group>"; };
		5959A3021B0D18C2005821B0 /* HomeViewController.h */ = {isa = PBXFileReference; fileEncoding = 4; lastKnownFileType = sourcecode.c.h; path = HomeViewController.h; sourceTree = "<group>"; };
		5959A3031B0D18C2005821B0 /* HomeViewController.m */ = {isa = PBXFileReference; fileEncoding = 4; lastKnownFileType = sourcecode.c.objc; path = HomeViewController.m; sourceTree = "<group>"; };
		59649EC51AEF1E0A00E5F1AD /* KSVDL Mobile.app */ = {isa = PBXFileReference; explicitFileType = wrapper.application; includeInIndex = 0; path = "KSVDL Mobile.app"; sourceTree = BUILT_PRODUCTS_DIR; };
		59649EC91AEF1E0A00E5F1AD /* Info.plist */ = {isa = PBXFileReference; lastKnownFileType = text.plist.xml; path = Info.plist; sourceTree = "<group>"; };
		59649ECA1AEF1E0A00E5F1AD /* main.m */ = {isa = PBXFileReference; lastKnownFileType = sourcecode.c.objc; path = main.m; sourceTree = "<group>"; };
		59649ECC1AEF1E0A00E5F1AD /* AppDelegate.h */ = {isa = PBXFileReference; lastKnownFileType = sourcecode.c.h; path = AppDelegate.h; sourceTree = "<group>"; };
		59649ECD1AEF1E0A00E5F1AD /* AppDelegate.m */ = {isa = PBXFileReference; lastKnownFileType = sourcecode.c.objc; path = AppDelegate.m; sourceTree = "<group>"; };
		59649ECF1AEF1E0A00E5F1AD /* LoginViewController.h */ = {isa = PBXFileReference; lastKnownFileType = sourcecode.c.h; path = LoginViewController.h; sourceTree = "<group>"; };
		59649ED01AEF1E0A00E5F1AD /* LoginViewController.m */ = {isa = PBXFileReference; lastKnownFileType = sourcecode.c.objc; path = LoginViewController.m; sourceTree = "<group>"; };
		59649ED31AEF1E0A00E5F1AD /* Base */ = {isa = PBXFileReference; lastKnownFileType = file.storyboard; name = Base; path = Base.lproj/Main.storyboard; sourceTree = "<group>"; };
		59649ED51AEF1E0A00E5F1AD /* Images.xcassets */ = {isa = PBXFileReference; lastKnownFileType = folder.assetcatalog; path = Images.xcassets; sourceTree = "<group>"; };
		59649ED81AEF1E0A00E5F1AD /* Base */ = {isa = PBXFileReference; lastKnownFileType = file.xib; name = Base; path = Base.lproj/LaunchScreen.xib; sourceTree = "<group>"; };
		59649EDE1AEF1E0A00E5F1AD /* ksvdlmobileTests.xctest */ = {isa = PBXFileReference; explicitFileType = wrapper.cfbundle; includeInIndex = 0; path = ksvdlmobileTests.xctest; sourceTree = BUILT_PRODUCTS_DIR; };
		59649EE31AEF1E0A00E5F1AD /* Info.plist */ = {isa = PBXFileReference; lastKnownFileType = text.plist.xml; path = Info.plist; sourceTree = "<group>"; };
		59649EE41AEF1E0A00E5F1AD /* ksvdlmobileTests.m */ = {isa = PBXFileReference; lastKnownFileType = sourcecode.c.objc; path = ksvdlmobileTests.m; sourceTree = "<group>"; };
		59649EF61AF129D300E5F1AD /* Security.framework */ = {isa = PBXFileReference; lastKnownFileType = wrapper.framework; name = Security.framework; path = System/Library/Frameworks/Security.framework; sourceTree = SDKROOT; };
		59649EF81AF12A3E00E5F1AD /* KeychainItemWrapper.h */ = {isa = PBXFileReference; fileEncoding = 4; lastKnownFileType = sourcecode.c.h; path = KeychainItemWrapper.h; sourceTree = "<group>"; };
		59649EF91AF12A3E00E5F1AD /* KeychainItemWrapper.m */ = {isa = PBXFileReference; fileEncoding = 4; lastKnownFileType = sourcecode.c.objc; path = KeychainItemWrapper.m; sourceTree = "<group>"; };
		59649EFE1B0B82DC00E5F1AD /* AFOAuth2Client.h */ = {isa = PBXFileReference; fileEncoding = 4; lastKnownFileType = sourcecode.c.h; path = AFOAuth2Client.h; sourceTree = "<group>"; };
		59649EFF1B0B82DC00E5F1AD /* AFOAuth2Client.m */ = {isa = PBXFileReference; fileEncoding = 4; lastKnownFileType = sourcecode.c.objc; path = AFOAuth2Client.m; sourceTree = "<group>"; };
		59649F011B0CC48400E5F1AD /* AuthAPIClient.h */ = {isa = PBXFileReference; fileEncoding = 4; lastKnownFileType = sourcecode.c.h; path = AuthAPIClient.h; sourceTree = "<group>"; };
		59649F021B0CC48400E5F1AD /* AuthAPIClient.m */ = {isa = PBXFileReference; fileEncoding = 4; lastKnownFileType = sourcecode.c.objc; path = AuthAPIClient.m; sourceTree = "<group>"; };
		59A024941B45C9AC00B3A0F7 /* GradientView.h */ = {isa = PBXFileReference; fileEncoding = 4; lastKnownFileType = sourcecode.c.h; path = GradientView.h; sourceTree = "<group>"; };
		59A024951B45C9AC00B3A0F7 /* GradientView.m */ = {isa = PBXFileReference; fileEncoding = 4; lastKnownFileType = sourcecode.c.objc; path = GradientView.m; sourceTree = "<group>"; };
		59A024971B4AD90800B3A0F7 /* HttpClient.h */ = {isa = PBXFileReference; fileEncoding = 4; lastKnownFileType = sourcecode.c.h; path = HttpClient.h; sourceTree = "<group>"; };
		59A024981B4AD90800B3A0F7 /* HttpClient.m */ = {isa = PBXFileReference; fileEncoding = 4; lastKnownFileType = sourcecode.c.objc; path = HttpClient.m; sourceTree = "<group>"; };
		59A0249A1B4ADA2900B3A0F7 /* GlobalConstants.h */ = {isa = PBXFileReference; fileEncoding = 4; lastKnownFileType = sourcecode.c.h; path = GlobalConstants.h; sourceTree = "<group>"; };
		59A0249B1B4ADA2900B3A0F7 /* GlobalConstants.m */ = {isa = PBXFileReference; fileEncoding = 4; lastKnownFileType = sourcecode.c.objc; path = GlobalConstants.m; sourceTree = "<group>"; };
		59A024A21B4D88DF00B3A0F7 /* da */ = {isa = PBXFileReference; lastKnownFileType = text.plist.strings; name = da; path = da.lproj/SVWebViewController.strings; sourceTree = "<group>"; };
		59A024A31B4D88DF00B3A0F7 /* de */ = {isa = PBXFileReference; lastKnownFileType = text.plist.strings; name = de; path = de.lproj/SVWebViewController.strings; sourceTree = "<group>"; };
		59A024A41B4D88DF00B3A0F7 /* en */ = {isa = PBXFileReference; lastKnownFileType = text.plist.strings; name = en; path = en.lproj/SVWebViewController.strings; sourceTree = "<group>"; };
		59A024A51B4D88DF00B3A0F7 /* es-ES */ = {isa = PBXFileReference; lastKnownFileType = text.plist.strings; name = "es-ES"; path = "es-ES.lproj/SVWebViewController.strings"; sourceTree = "<group>"; };
		59A024A61B4D88DF00B3A0F7 /* es */ = {isa = PBXFileReference; lastKnownFileType = text.plist.strings; name = es; path = es.lproj/SVWebViewController.strings; sourceTree = "<group>"; };
		59A024A71B4D88DF00B3A0F7 /* fr */ = {isa = PBXFileReference; lastKnownFileType = text.plist.strings; name = fr; path = fr.lproj/SVWebViewController.strings; sourceTree = "<group>"; };
		59A024A81B4D88DF00B3A0F7 /* ja */ = {isa = PBXFileReference; lastKnownFileType = text.plist.strings; name = ja; path = ja.lproj/SVWebViewController.strings; sourceTree = "<group>"; };
		59A024A91B4D88DF00B3A0F7 /* pt */ = {isa = PBXFileReference; lastKnownFileType = text.plist.strings; name = pt; path = pt.lproj/SVWebViewController.strings; sourceTree = "<group>"; };
		59A024AA1B4D88DF00B3A0F7 /* SVModalWebViewController.h */ = {isa = PBXFileReference; fileEncoding = 4; lastKnownFileType = sourcecode.c.h; path = SVModalWebViewController.h; sourceTree = "<group>"; };
		59A024AB1B4D88DF00B3A0F7 /* SVModalWebViewController.m */ = {isa = PBXFileReference; fileEncoding = 4; lastKnownFileType = sourcecode.c.objc; path = SVModalWebViewController.m; sourceTree = "<group>"; };
		59A024AC1B4D88DF00B3A0F7 /* SVWebViewController.bundle */ = {isa = PBXFileReference; lastKnownFileType = "wrapper.plug-in"; path = SVWebViewController.bundle; sourceTree = "<group>"; };
		59A024AD1B4D88DF00B3A0F7 /* SVWebViewController.h */ = {isa = PBXFileReference; fileEncoding = 4; lastKnownFileType = sourcecode.c.h; path = SVWebViewController.h; sourceTree = "<group>"; };
		59A024AE1B4D88DF00B3A0F7 /* SVWebViewController.m */ = {isa = PBXFileReference; fileEncoding = 4; lastKnownFileType = sourcecode.c.objc; path = SVWebViewController.m; sourceTree = "<group>"; };
		59A024B11B4D88DF00B3A0F7 /* SVWebViewControllerActivityChrome-iPad.png */ = {isa = PBXFileReference; lastKnownFileType = image.png; path = "SVWebViewControllerActivityChrome-iPad.png"; sourceTree = "<group>"; };
		59A024B21B4D88DF00B3A0F7 /* SVWebViewControllerActivityChrome-iPad@2x.png */ = {isa = PBXFileReference; lastKnownFileType = image.png; path = "SVWebViewControllerActivityChrome-iPad@2x.png"; sourceTree = "<group>"; };
		59A024B31B4D88DF00B3A0F7 /* SVWebViewControllerActivityChrome.h */ = {isa = PBXFileReference; fileEncoding = 4; lastKnownFileType = sourcecode.c.h; path = SVWebViewControllerActivityChrome.h; sourceTree = "<group>"; };
		59A024B41B4D88DF00B3A0F7 /* SVWebViewControllerActivityChrome.m */ = {isa = PBXFileReference; fileEncoding = 4; lastKnownFileType = sourcecode.c.objc; path = SVWebViewControllerActivityChrome.m; sourceTree = "<group>"; };
		59A024B51B4D88DF00B3A0F7 /* SVWebViewControllerActivityChrome@2x.png */ = {isa = PBXFileReference; lastKnownFileType = image.png; path = "SVWebViewControllerActivityChrome@2x.png"; sourceTree = "<group>"; };
		59A024B71B4D88DF00B3A0F7 /* SVWebViewControllerActivitySafari-iPad.png */ = {isa = PBXFileReference; lastKnownFileType = image.png; path = "SVWebViewControllerActivitySafari-iPad.png"; sourceTree = "<group>"; };
		59A024B81B4D88DF00B3A0F7 /* SVWebViewControllerActivitySafari-iPad@2x.png */ = {isa = PBXFileReference; lastKnownFileType = image.png; path = "SVWebViewControllerActivitySafari-iPad@2x.png"; sourceTree = "<group>"; };
		59A024B91B4D88DF00B3A0F7 /* SVWebViewControllerActivitySafari.h */ = {isa = PBXFileReference; fileEncoding = 4; lastKnownFileType = sourcecode.c.h; path = SVWebViewControllerActivitySafari.h; sourceTree = "<group>"; };
		59A024BA1B4D88DF00B3A0F7 /* SVWebViewControllerActivitySafari.m */ = {isa = PBXFileReference; fileEncoding = 4; lastKnownFileType = sourcecode.c.objc; path = SVWebViewControllerActivitySafari.m; sourceTree = "<group>"; };
		59A024BB1B4D88DF00B3A0F7 /* SVWebViewControllerActivitySafari@2x.png */ = {isa = PBXFileReference; lastKnownFileType = image.png; path = "SVWebViewControllerActivitySafari@2x.png"; sourceTree = "<group>"; };
		59A024BC1B4D88DF00B3A0F7 /* SVWebViewControllerActivity.h */ = {isa = PBXFileReference; fileEncoding = 4; lastKnownFileType = sourcecode.c.h; path = SVWebViewControllerActivity.h; sourceTree = "<group>"; };
		59A024BD1B4D88DF00B3A0F7 /* SVWebViewControllerActivity.m */ = {isa = PBXFileReference; fileEncoding = 4; lastKnownFileType = sourcecode.c.objc; path = SVWebViewControllerActivity.m; sourceTree = "<group>"; };
		59A024BE1B4D88DF00B3A0F7 /* zh-Hans */ = {isa = PBXFileReference; lastKnownFileType = text.plist.strings; name = "zh-Hans"; path = "zh-Hans.lproj/SVWebViewController.strings"; sourceTree = "<group>"; };
		59A024BF1B4D88DF00B3A0F7 /* zh-Hant */ = {isa = PBXFileReference; lastKnownFileType = text.plist.strings; name = "zh-Hant"; path = "zh-Hant.lproj/SVWebViewController.strings"; sourceTree = "<group>"; };
		59C2FA011B544A9600AA5020 /* Report.png */ = {isa = PBXFileReference; lastKnownFileType = image.png; path = Report.png; sourceTree = "<group>"; };
		59ECE3491B27655800F38902 /* CGPDFDocument.h */ = {isa = PBXFileReference; fileEncoding = 4; lastKnownFileType = sourcecode.c.h; path = CGPDFDocument.h; sourceTree = "<group>"; };
		59ECE34A1B27655800F38902 /* CGPDFDocument.m */ = {isa = PBXFileReference; fileEncoding = 4; lastKnownFileType = sourcecode.c.objc; path = CGPDFDocument.m; sourceTree = "<group>"; };
		59ECE34B1B27655800F38902 /* PDFKDocument.h */ = {isa = PBXFileReference; fileEncoding = 4; lastKnownFileType = sourcecode.c.h; path = PDFKDocument.h; sourceTree = "<group>"; };
		59ECE34C1B27655800F38902 /* PDFKDocument.m */ = {isa = PBXFileReference; fileEncoding = 4; lastKnownFileType = sourcecode.c.objc; path = PDFKDocument.m; sourceTree = "<group>"; };
		59ECE34F1B27658900F38902 /* PDFKBasicPDFViewer.h */ = {isa = PBXFileReference; fileEncoding = 4; lastKnownFileType = sourcecode.c.h; path = PDFKBasicPDFViewer.h; sourceTree = "<group>"; };
		59ECE3501B27658900F38902 /* PDFKBasicPDFViewer.m */ = {isa = PBXFileReference; fileEncoding = 4; lastKnownFileType = sourcecode.c.objc; path = PDFKBasicPDFViewer.m; sourceTree = "<group>"; };
		59ECE3511B27658900F38902 /* PDFKBasicPDFViewerSinglePageCollectionView.h */ = {isa = PBXFileReference; fileEncoding = 4; lastKnownFileType = sourcecode.c.h; path = PDFKBasicPDFViewerSinglePageCollectionView.h; sourceTree = "<group>"; };
		59ECE3521B27658900F38902 /* PDFKBasicPDFViewerSinglePageCollectionView.m */ = {isa = PBXFileReference; fileEncoding = 4; lastKnownFileType = sourcecode.c.objc; path = PDFKBasicPDFViewerSinglePageCollectionView.m; sourceTree = "<group>"; };
		59ECE3531B27658900F38902 /* PDFKBasicPDFViewerThumbsCollectionView.h */ = {isa = PBXFileReference; fileEncoding = 4; lastKnownFileType = sourcecode.c.h; path = PDFKBasicPDFViewerThumbsCollectionView.h; sourceTree = "<group>"; };
		59ECE3541B27658900F38902 /* PDFKBasicPDFViewerThumbsCollectionView.m */ = {isa = PBXFileReference; fileEncoding = 4; lastKnownFileType = sourcecode.c.objc; path = PDFKBasicPDFViewerThumbsCollectionView.m; sourceTree = "<group>"; };
		59ECE3551B27658900F38902 /* PDFKPageContent.h */ = {isa = PBXFileReference; fileEncoding = 4; lastKnownFileType = sourcecode.c.h; path = PDFKPageContent.h; sourceTree = "<group>"; };
		59ECE3561B27658900F38902 /* PDFKPageContent.m */ = {isa = PBXFileReference; fileEncoding = 4; lastKnownFileType = sourcecode.c.objc; path = PDFKPageContent.m; sourceTree = "<group>"; };
		59ECE3571B27658900F38902 /* PDFKPageContentLayer.h */ = {isa = PBXFileReference; fileEncoding = 4; lastKnownFileType = sourcecode.c.h; path = PDFKPageContentLayer.h; sourceTree = "<group>"; };
		59ECE3581B27658900F38902 /* PDFKPageContentLayer.m */ = {isa = PBXFileReference; fileEncoding = 4; lastKnownFileType = sourcecode.c.objc; path = PDFKPageContentLayer.m; sourceTree = "<group>"; };
		59ECE3591B27658900F38902 /* PDFKPageContentView.h */ = {isa = PBXFileReference; fileEncoding = 4; lastKnownFileType = sourcecode.c.h; path = PDFKPageContentView.h; sourceTree = "<group>"; };
		59ECE35A1B27658900F38902 /* PDFKPageContentView.m */ = {isa = PBXFileReference; fileEncoding = 4; lastKnownFileType = sourcecode.c.objc; path = PDFKPageContentView.m; sourceTree = "<group>"; };
		59ECE35B1B27658900F38902 /* PDFKPageScrubber.h */ = {isa = PBXFileReference; fileEncoding = 4; lastKnownFileType = sourcecode.c.h; path = PDFKPageScrubber.h; sourceTree = "<group>"; };
		59ECE35C1B27658900F38902 /* PDFKPageScrubber.m */ = {isa = PBXFileReference; fileEncoding = 4; lastKnownFileType = sourcecode.c.objc; path = PDFKPageScrubber.m; sourceTree = "<group>"; };
		59ECE3641B276BD400F38902 /* PDFKThumbCache.h */ = {isa = PBXFileReference; fileEncoding = 4; lastKnownFileType = sourcecode.c.h; path = PDFKThumbCache.h; sourceTree = "<group>"; };
		59ECE3651B276BD400F38902 /* PDFKThumbCache.m */ = {isa = PBXFileReference; fileEncoding = 4; lastKnownFileType = sourcecode.c.objc; path = PDFKThumbCache.m; sourceTree = "<group>"; };
		59ECE3661B276BD400F38902 /* PDFKThumbFetcher.h */ = {isa = PBXFileReference; fileEncoding = 4; lastKnownFileType = sourcecode.c.h; path = PDFKThumbFetcher.h; sourceTree = "<group>"; };
		59ECE3671B276BD400F38902 /* PDFKThumbFetcher.m */ = {isa = PBXFileReference; fileEncoding = 4; lastKnownFileType = sourcecode.c.objc; path = PDFKThumbFetcher.m; sourceTree = "<group>"; };
		59ECE3681B276BD400F38902 /* PDFKThumbQueue.h */ = {isa = PBXFileReference; fileEncoding = 4; lastKnownFileType = sourcecode.c.h; path = PDFKThumbQueue.h; sourceTree = "<group>"; };
		59ECE3691B276BD400F38902 /* PDFKThumbQueue.m */ = {isa = PBXFileReference; fileEncoding = 4; lastKnownFileType = sourcecode.c.objc; path = PDFKThumbQueue.m; sourceTree = "<group>"; };
		59ECE36A1B276BD400F38902 /* PDFKThumbRenderer.h */ = {isa = PBXFileReference; fileEncoding = 4; lastKnownFileType = sourcecode.c.h; path = PDFKThumbRenderer.h; sourceTree = "<group>"; };
		59ECE36B1B276BD400F38902 /* PDFKThumbRenderer.m */ = {isa = PBXFileReference; fileEncoding = 4; lastKnownFileType = sourcecode.c.objc; path = PDFKThumbRenderer.m; sourceTree = "<group>"; };
		59ECE36C1B276BD400F38902 /* PDFKThumbRequest.h */ = {isa = PBXFileReference; fileEncoding = 4; lastKnownFileType = sourcecode.c.h; path = PDFKThumbRequest.h; sourceTree = "<group>"; };
		59ECE36D1B276BD400F38902 /* PDFKThumbRequest.m */ = {isa = PBXFileReference; fileEncoding = 4; lastKnownFileType = sourcecode.c.objc; path = PDFKThumbRequest.m; sourceTree = "<group>"; };
		59ECE36E1B276BD400F38902 /* PDFKThumbView.h */ = {isa = PBXFileReference; fileEncoding = 4; lastKnownFileType = sourcecode.c.h; path = PDFKThumbView.h; sourceTree = "<group>"; };
		59ECE36F1B276BD400F38902 /* PDFKThumbView.m */ = {isa = PBXFileReference; fileEncoding = 4; lastKnownFileType = sourcecode.c.objc; path = PDFKThumbView.m; sourceTree = "<group>"; };
		59ECE3771B276D0300F38902 /* TTOpenInAppActivity.h */ = {isa = PBXFileReference; fileEncoding = 4; lastKnownFileType = sourcecode.c.h; path = TTOpenInAppActivity.h; sourceTree = "<group>"; };
		59ECE3781B276D0300F38902 /* TTOpenInAppActivity.m */ = {isa = PBXFileReference; fileEncoding = 4; lastKnownFileType = sourcecode.c.objc; path = TTOpenInAppActivity.m; sourceTree = "<group>"; };
		59ECE3791B276D0300F38902 /* TTOpenInAppActivity.png */ = {isa = PBXFileReference; lastKnownFileType = image.png; path = TTOpenInAppActivity.png; sourceTree = "<group>"; };
		59ECE37A1B276D0300F38902 /* TTOpenInAppActivity@2x.png */ = {isa = PBXFileReference; lastKnownFileType = image.png; path = "TTOpenInAppActivity@2x.png"; sourceTree = "<group>"; };
		59ECE37B1B276D0300F38902 /* TTOpenInAppActivity7.png */ = {isa = PBXFileReference; lastKnownFileType = image.png; path = TTOpenInAppActivity7.png; sourceTree = "<group>"; };
		59ECE37C1B276D0300F38902 /* TTOpenInAppActivity7@2x.png */ = {isa = PBXFileReference; lastKnownFileType = image.png; path = "TTOpenInAppActivity7@2x.png"; sourceTree = "<group>"; };
		59ECE3841B276D9900F38902 /* Bookmark.png */ = {isa = PBXFileReference; lastKnownFileType = image.png; path = Bookmark.png; sourceTree = "<group>"; };
		59ECE3851B276D9900F38902 /* Bookmark.psd */ = {isa = PBXFileReference; lastKnownFileType = file; path = Bookmark.psd; sourceTree = "<group>"; };
		59ECE3861B276D9900F38902 /* Bookmark@2x.png */ = {isa = PBXFileReference; lastKnownFileType = image.png; path = "Bookmark@2x.png"; sourceTree = "<group>"; };
		59ECE3871B276D9900F38902 /* Bookmark@2x.psd */ = {isa = PBXFileReference; lastKnownFileType = file; path = "Bookmark@2x.psd"; sourceTree = "<group>"; };
		59ECE3881B276D9900F38902 /* Bookmark@3x.png */ = {isa = PBXFileReference; lastKnownFileType = image.png; path = "Bookmark@3x.png"; sourceTree = "<group>"; };
		59ECE3891B276D9900F38902 /* Bookmark@3x.psd */ = {isa = PBXFileReference; lastKnownFileType = file; path = "Bookmark@3x.psd"; sourceTree = "<group>"; };
		59ECE38A1B276D9900F38902 /* Bookmarked.png */ = {isa = PBXFileReference; lastKnownFileType = image.png; path = Bookmarked.png; sourceTree = "<group>"; };
		59ECE38B1B276D9900F38902 /* Bookmarked.psd */ = {isa = PBXFileReference; lastKnownFileType = file; path = Bookmarked.psd; sourceTree = "<group>"; };
		59ECE38C1B276D9900F38902 /* Bookmarked@2x.png */ = {isa = PBXFileReference; lastKnownFileType = image.png; path = "Bookmarked@2x.png"; sourceTree = "<group>"; };
		59ECE38D1B276D9900F38902 /* Bookmarked@2x.psd */ = {isa = PBXFileReference; lastKnownFileType = file; path = "Bookmarked@2x.psd"; sourceTree = "<group>"; };
		59ECE38E1B276D9900F38902 /* Bookmarked@3x.png */ = {isa = PBXFileReference; lastKnownFileType = image.png; path = "Bookmarked@3x.png"; sourceTree = "<group>"; };
		59ECE38F1B276D9900F38902 /* Bookmarked@3x.psd */ = {isa = PBXFileReference; lastKnownFileType = file; path = "Bookmarked@3x.psd"; sourceTree = "<group>"; };
		59ECE3901B276D9900F38902 /* PageList.png */ = {isa = PBXFileReference; lastKnownFileType = image.png; path = PageList.png; sourceTree = "<group>"; };
		59ECE3911B276D9900F38902 /* PageList.psd */ = {isa = PBXFileReference; lastKnownFileType = file; path = PageList.psd; sourceTree = "<group>"; };
		59ECE3921B276D9900F38902 /* PageList@2x.png */ = {isa = PBXFileReference; lastKnownFileType = image.png; path = "PageList@2x.png"; sourceTree = "<group>"; };
		59ECE3931B276D9900F38902 /* PageList@2x.psd */ = {isa = PBXFileReference; lastKnownFileType = file; path = "PageList@2x.psd"; sourceTree = "<group>"; };
		59ECE3941B276D9900F38902 /* PageList@3x.png */ = {isa = PBXFileReference; lastKnownFileType = image.png; path = "PageList@3x.png"; sourceTree = "<group>"; };
		59ECE3951B276D9900F38902 /* PageList@3x.psd */ = {isa = PBXFileReference; lastKnownFileType = file; path = "PageList@3x.psd"; sourceTree = "<group>"; };
		59ECE3961B276D9900F38902 /* Thumbs.png */ = {isa = PBXFileReference; lastKnownFileType = image.png; path = Thumbs.png; sourceTree = "<group>"; };
		59ECE3971B276D9900F38902 /* Thumbs.psd */ = {isa = PBXFileReference; lastKnownFileType = file; path = Thumbs.psd; sourceTree = "<group>"; };
		59ECE3981B276D9900F38902 /* Thumbs@2x.png */ = {isa = PBXFileReference; lastKnownFileType = image.png; path = "Thumbs@2x.png"; sourceTree = "<group>"; };
		59ECE3991B276D9900F38902 /* Thumbs@2x.psd */ = {isa = PBXFileReference; lastKnownFileType = file; path = "Thumbs@2x.psd"; sourceTree = "<group>"; };
		59ECE39A1B276D9900F38902 /* Thumbs@3x.png */ = {isa = PBXFileReference; lastKnownFileType = image.png; path = "Thumbs@3x.png"; sourceTree = "<group>"; };
		59ECE39B1B276D9900F38902 /* Thumbs@3x.psd */ = {isa = PBXFileReference; lastKnownFileType = file; path = "Thumbs@3x.psd"; sourceTree = "<group>"; };
		CD31DD4B1B20D7D200451866 /* NavigationViewController.h */ = {isa = PBXFileReference; fileEncoding = 4; lastKnownFileType = sourcecode.c.h; path = NavigationViewController.h; sourceTree = "<group>"; };
		CD31DD4C1B20D7D200451866 /* NavigationViewController.m */ = {isa = PBXFileReference; fileEncoding = 4; lastKnownFileType = sourcecode.c.objc; path = NavigationViewController.m; sourceTree = "<group>"; };
		CD5E1BA81B55797A0068225F /* MessageUI.framework */ = {isa = PBXFileReference; lastKnownFileType = wrapper.framework; name = MessageUI.framework; path = System/Library/Frameworks/MessageUI.framework; sourceTree = SDKROOT; };
		CD6694DA1B42D0B600FC6E70 /* AddTestViewController.h */ = {isa = PBXFileReference; fileEncoding = 4; lastKnownFileType = sourcecode.c.h; path = AddTestViewController.h; sourceTree = "<group>"; };
		CD6694DB1B42D0B600FC6E70 /* AddTestViewController.m */ = {isa = PBXFileReference; fileEncoding = 4; lastKnownFileType = sourcecode.c.objc; path = AddTestViewController.m; sourceTree = "<group>"; };
		CD6694DD1B42D5CB00FC6E70 /* addtests.png */ = {isa = PBXFileReference; lastKnownFileType = image.png; path = addtests.png; sourceTree = "<group>"; };
		CDE49ACD1B21F79200A98FFA /* SWRevealViewController.h */ = {isa = PBXFileReference; fileEncoding = 4; lastKnownFileType = sourcecode.c.h; path = SWRevealViewController.h; sourceTree = "<group>"; };
		CDE49ACE1B21F79200A98FFA /* SWRevealViewController.m */ = {isa = PBXFileReference; fileEncoding = 4; lastKnownFileType = sourcecode.c.objc; path = SWRevealViewController.m; sourceTree = "<group>"; };
		CDE49AD01B21F7D000A98FFA /* L3MEB.png */ = {isa = PBXFileReference; lastKnownFileType = image.png; path = L3MEB.png; sourceTree = "<group>"; };
		CDF95CAD1B603C3C00136270 /* nav_bg.png */ = {isa = PBXFileReference; lastKnownFileType = image.png; path = nav_bg.png; sourceTree = "<group>"; };
		DE428B8D1A6416EADEFDBF9C /* Pods-ksvdlmobile.debug.xcconfig */ = {isa = PBXFileReference; includeInIndex = 1; lastKnownFileType = text.xcconfig; name = "Pods-ksvdlmobile.debug.xcconfig"; path = "Pods/Target Support Files/Pods-ksvdlmobile/Pods-ksvdlmobile.debug.xcconfig"; sourceTree = "<group>"; };
		E30B9D118234C0DD47CBB66C /* libPods-ksvdlmobile.a */ = {isa = PBXFileReference; explicitFileType = archive.ar; includeInIndex = 0; path = "libPods-ksvdlmobile.a"; sourceTree = BUILT_PRODUCTS_DIR; };
/* End PBXFileReference section */

/* Begin PBXFrameworksBuildPhase section */
		59649EC21AEF1E0A00E5F1AD /* Frameworks */ = {
			isa = PBXFrameworksBuildPhase;
			buildActionMask = 2147483647;
			files = (
				CD717D671B55892700C28FAF /* MessageUI.framework in Frameworks */,
				59649EF71AF129D300E5F1AD /* Security.framework in Frameworks */,
				50ECDF1CEE7F3CC3C451B39F /* libPods-ksvdlmobile.a in Frameworks */,
			);
			runOnlyForDeploymentPostprocessing = 0;
		};
		59649EDB1AEF1E0A00E5F1AD /* Frameworks */ = {
			isa = PBXFrameworksBuildPhase;
			buildActionMask = 2147483647;
			files = (
			);
			runOnlyForDeploymentPostprocessing = 0;
		};
/* End PBXFrameworksBuildPhase section */

/* Begin PBXGroup section */
		03F6780BD0618BF1043D077F /* Pods */ = {
			isa = PBXGroup;
			children = (
				DE428B8D1A6416EADEFDBF9C /* Pods-ksvdlmobile.debug.xcconfig */,
				44D0E988BE2DFEA4D0756528 /* Pods-ksvdlmobile.release.xcconfig */,
			);
			name = Pods;
			sourceTree = "<group>";
		};
		0854645FADD96E551F347CDF /* Frameworks */ = {
			isa = PBXGroup;
			children = (
				CD5E1BA81B55797A0068225F /* MessageUI.framework */,
				59649EF61AF129D300E5F1AD /* Security.framework */,
				E30B9D118234C0DD47CBB66C /* libPods-ksvdlmobile.a */,
			);
			name = Frameworks;
			sourceTree = "<group>";
		};
		593EBD041B18F1AE002927B4 /* Resources */ = {
			isa = PBXGroup;
			children = (
				593EBD051B18F1B7002927B4 /* Images */,
			);
			name = Resources;
			sourceTree = "<group>";
		};
		593EBD051B18F1B7002927B4 /* Images */ = {
			isa = PBXGroup;
			children = (
				59C2FA011B544A9600AA5020 /* Report.png */,
				CD6694DD1B42D5CB00FC6E70 /* addtests.png */,
				CDE49AD01B21F7D000A98FFA /* L3MEB.png */,
				593EBD061B18F656002927B4 /* view-report-button.png */,
			);
			name = Images;
			sourceTree = "<group>";
		};
		59649EBC1AEF1E0A00E5F1AD = {
			isa = PBXGroup;
			children = (
				59649EC71AEF1E0A00E5F1AD /* ksvdlmobile */,
				59649EE11AEF1E0A00E5F1AD /* ksvdlmobileTests */,
				59649EC61AEF1E0A00E5F1AD /* Products */,
				03F6780BD0618BF1043D077F /* Pods */,
				0854645FADD96E551F347CDF /* Frameworks */,
			);
			sourceTree = "<group>";
		};
		59649EC61AEF1E0A00E5F1AD /* Products */ = {
			isa = PBXGroup;
			children = (
				59649EC51AEF1E0A00E5F1AD /* KSVDL Mobile.app */,
				59649EDE1AEF1E0A00E5F1AD /* ksvdlmobileTests.xctest */,
			);
			name = Products;
			sourceTree = "<group>";
		};
		59649EC71AEF1E0A00E5F1AD /* ksvdlmobile */ = {
			isa = PBXGroup;
			children = (
				593EBD041B18F1AE002927B4 /* Resources */,
				59649EF51AF125F100E5F1AD /* Helpers */,
				59649EEF1AF1186C00E5F1AD /* Models */,
				59649EEE1AF1184200E5F1AD /* ViewControllers */,
				59649ECC1AEF1E0A00E5F1AD /* AppDelegate.h */,
				59649ECD1AEF1E0A00E5F1AD /* AppDelegate.m */,
				59649ED21AEF1E0A00E5F1AD /* Main.storyboard */,
				59649ED51AEF1E0A00E5F1AD /* Images.xcassets */,
				59649ED71AEF1E0A00E5F1AD /* LaunchScreen.xib */,
				59649EC81AEF1E0A00E5F1AD /* Supporting Files */,
			);
			path = ksvdlmobile;
			sourceTree = "<group>";
		};
		59649EC81AEF1E0A00E5F1AD /* Supporting Files */ = {
			isa = PBXGroup;
			children = (
				CDF95CAD1B603C3C00136270 /* nav_bg.png */,
				59A0249D1B4D842400B3A0F7 /* Web */,
				59ECE3481B27653700F38902 /* PDFKit */,
				CDE49ACD1B21F79200A98FFA /* SWRevealViewController.h */,
				CDE49ACE1B21F79200A98FFA /* SWRevealViewController.m */,
				59649EC91AEF1E0A00E5F1AD /* Info.plist */,
				59649ECA1AEF1E0A00E5F1AD /* main.m */,
			);
			name = "Supporting Files";
			sourceTree = "<group>";
		};
		59649EE11AEF1E0A00E5F1AD /* ksvdlmobileTests */ = {
			isa = PBXGroup;
			children = (
				59649EE41AEF1E0A00E5F1AD /* ksvdlmobileTests.m */,
				59649EE21AEF1E0A00E5F1AD /* Supporting Files */,
			);
			path = ksvdlmobileTests;
			sourceTree = "<group>";
		};
		59649EE21AEF1E0A00E5F1AD /* Supporting Files */ = {
			isa = PBXGroup;
			children = (
				59649EE31AEF1E0A00E5F1AD /* Info.plist */,
			);
			name = "Supporting Files";
			sourceTree = "<group>";
		};
		59649EEE1AF1184200E5F1AD /* ViewControllers */ = {
			isa = PBXGroup;
			children = (
				59649ECF1AEF1E0A00E5F1AD /* LoginViewController.h */,
				59649ED01AEF1E0A00E5F1AD /* LoginViewController.m */,
				5959A3021B0D18C2005821B0 /* HomeViewController.h */,
				5959A3031B0D18C2005821B0 /* HomeViewController.m */,
				5933A6BC1B14AFAE00831D7D /* AccessionTableViewController.h */,
				5933A6BD1B14AFAE00831D7D /* AccessionTableViewController.m */,
				593EBCCC1B17B6D8002927B4 /* AccessionReportViewController.h */,
				593EBCCD1B17B6D8002927B4 /* AccessionReportViewController.m */,
				CD31DD4B1B20D7D200451866 /* NavigationViewController.h */,
				CD31DD4C1B20D7D200451866 /* NavigationViewController.m */,
				CD6694DA1B42D0B600FC6E70 /* AddTestViewController.h */,
				CD6694DB1B42D0B600FC6E70 /* AddTestViewController.m */,
			);
			name = ViewControllers;
			sourceTree = "<group>";
		};
		59649EEF1AF1186C00E5F1AD /* Models */ = {
			isa = PBXGroup;
			children = (
				5933A6B91B14AD9300831D7D /* AccessionTableCell.h */,
				5933A6BA1B14AD9300831D7D /* AccessionTableCell.m */,
			);
			name = Models;
			sourceTree = "<group>";
		};
		59649EF51AF125F100E5F1AD /* Helpers */ = {
			isa = PBXGroup;
			children = (
				59649EF81AF12A3E00E5F1AD /* KeychainItemWrapper.h */,
				59649EF91AF12A3E00E5F1AD /* KeychainItemWrapper.m */,
				59649EFE1B0B82DC00E5F1AD /* AFOAuth2Client.h */,
				59649EFF1B0B82DC00E5F1AD /* AFOAuth2Client.m */,
				59649F011B0CC48400E5F1AD /* AuthAPIClient.h */,
				59649F021B0CC48400E5F1AD /* AuthAPIClient.m */,
				59A024941B45C9AC00B3A0F7 /* GradientView.h */,
				59A024951B45C9AC00B3A0F7 /* GradientView.m */,
				59A024971B4AD90800B3A0F7 /* HttpClient.h */,
				59A024981B4AD90800B3A0F7 /* HttpClient.m */,
				59A0249A1B4ADA2900B3A0F7 /* GlobalConstants.h */,
				59A0249B1B4ADA2900B3A0F7 /* GlobalConstants.m */,
			);
			name = Helpers;
			sourceTree = "<group>";
		};
		59A0249D1B4D842400B3A0F7 /* Web */ = {
			isa = PBXGroup;
			children = (
				59A024A01B4D88DF00B3A0F7 /* SVWebViewController */,
			);
			name = Web;
			sourceTree = "<group>";
		};
		59A024A01B4D88DF00B3A0F7 /* SVWebViewController */ = {
			isa = PBXGroup;
			children = (
				59A024A11B4D88DF00B3A0F7 /* SVWebViewController.strings */,
				59A024AA1B4D88DF00B3A0F7 /* SVModalWebViewController.h */,
				59A024AB1B4D88DF00B3A0F7 /* SVModalWebViewController.m */,
				59A024AC1B4D88DF00B3A0F7 /* SVWebViewController.bundle */,
				59A024AD1B4D88DF00B3A0F7 /* SVWebViewController.h */,
				59A024AE1B4D88DF00B3A0F7 /* SVWebViewController.m */,
				59A024AF1B4D88DF00B3A0F7 /* UIActivities */,
			);
			path = SVWebViewController;
			sourceTree = "<group>";
		};
		59A024AF1B4D88DF00B3A0F7 /* UIActivities */ = {
			isa = PBXGroup;
			children = (
				59A024B01B4D88DF00B3A0F7 /* Chrome */,
				59A024B61B4D88DF00B3A0F7 /* Safari */,
				59A024BC1B4D88DF00B3A0F7 /* SVWebViewControllerActivity.h */,
				59A024BD1B4D88DF00B3A0F7 /* SVWebViewControllerActivity.m */,
			);
			path = UIActivities;
			sourceTree = "<group>";
		};
		59A024B01B4D88DF00B3A0F7 /* Chrome */ = {
			isa = PBXGroup;
			children = (
				59A024B11B4D88DF00B3A0F7 /* SVWebViewControllerActivityChrome-iPad.png */,
				59A024B21B4D88DF00B3A0F7 /* SVWebViewControllerActivityChrome-iPad@2x.png */,
				59A024B31B4D88DF00B3A0F7 /* SVWebViewControllerActivityChrome.h */,
				59A024B41B4D88DF00B3A0F7 /* SVWebViewControllerActivityChrome.m */,
				59A024B51B4D88DF00B3A0F7 /* SVWebViewControllerActivityChrome@2x.png */,
			);
			path = Chrome;
			sourceTree = "<group>";
		};
		59A024B61B4D88DF00B3A0F7 /* Safari */ = {
			isa = PBXGroup;
			children = (
				59A024B71B4D88DF00B3A0F7 /* SVWebViewControllerActivitySafari-iPad.png */,
				59A024B81B4D88DF00B3A0F7 /* SVWebViewControllerActivitySafari-iPad@2x.png */,
				59A024B91B4D88DF00B3A0F7 /* SVWebViewControllerActivitySafari.h */,
				59A024BA1B4D88DF00B3A0F7 /* SVWebViewControllerActivitySafari.m */,
				59A024BB1B4D88DF00B3A0F7 /* SVWebViewControllerActivitySafari@2x.png */,
			);
			path = Safari;
			sourceTree = "<group>";
		};
		59ECE3481B27653700F38902 /* PDFKit */ = {
			isa = PBXGroup;
			children = (
				59ECE3831B276D8000F38902 /* Images */,
				59ECE3761B276C9700F38902 /* TTOpenInAppActivity */,
				59ECE3641B276BD400F38902 /* PDFKThumbCache.h */,
				59ECE3651B276BD400F38902 /* PDFKThumbCache.m */,
				59ECE3661B276BD400F38902 /* PDFKThumbFetcher.h */,
				59ECE3671B276BD400F38902 /* PDFKThumbFetcher.m */,
				59ECE3681B276BD400F38902 /* PDFKThumbQueue.h */,
				59ECE3691B276BD400F38902 /* PDFKThumbQueue.m */,
				59ECE36A1B276BD400F38902 /* PDFKThumbRenderer.h */,
				59ECE36B1B276BD400F38902 /* PDFKThumbRenderer.m */,
				59ECE36C1B276BD400F38902 /* PDFKThumbRequest.h */,
				59ECE36D1B276BD400F38902 /* PDFKThumbRequest.m */,
				59ECE36E1B276BD400F38902 /* PDFKThumbView.h */,
				59ECE36F1B276BD400F38902 /* PDFKThumbView.m */,
				59ECE34F1B27658900F38902 /* PDFKBasicPDFViewer.h */,
				59ECE3501B27658900F38902 /* PDFKBasicPDFViewer.m */,
				59ECE3511B27658900F38902 /* PDFKBasicPDFViewerSinglePageCollectionView.h */,
				59ECE3521B27658900F38902 /* PDFKBasicPDFViewerSinglePageCollectionView.m */,
				59ECE3531B27658900F38902 /* PDFKBasicPDFViewerThumbsCollectionView.h */,
				59ECE3541B27658900F38902 /* PDFKBasicPDFViewerThumbsCollectionView.m */,
				59ECE3551B27658900F38902 /* PDFKPageContent.h */,
				59ECE3561B27658900F38902 /* PDFKPageContent.m */,
				59ECE3571B27658900F38902 /* PDFKPageContentLayer.h */,
				59ECE3581B27658900F38902 /* PDFKPageContentLayer.m */,
				59ECE3591B27658900F38902 /* PDFKPageContentView.h */,
				59ECE35A1B27658900F38902 /* PDFKPageContentView.m */,
				59ECE35B1B27658900F38902 /* PDFKPageScrubber.h */,
				59ECE35C1B27658900F38902 /* PDFKPageScrubber.m */,
				59ECE3491B27655800F38902 /* CGPDFDocument.h */,
				59ECE34A1B27655800F38902 /* CGPDFDocument.m */,
				59ECE34B1B27655800F38902 /* PDFKDocument.h */,
				59ECE34C1B27655800F38902 /* PDFKDocument.m */,
			);
			name = PDFKit;
			sourceTree = "<group>";
		};
		59ECE3761B276C9700F38902 /* TTOpenInAppActivity */ = {
			isa = PBXGroup;
			children = (
				59ECE3771B276D0300F38902 /* TTOpenInAppActivity.h */,
				59ECE3781B276D0300F38902 /* TTOpenInAppActivity.m */,
				59ECE3791B276D0300F38902 /* TTOpenInAppActivity.png */,
				59ECE37A1B276D0300F38902 /* TTOpenInAppActivity@2x.png */,
				59ECE37B1B276D0300F38902 /* TTOpenInAppActivity7.png */,
				59ECE37C1B276D0300F38902 /* TTOpenInAppActivity7@2x.png */,
			);
			name = TTOpenInAppActivity;
			sourceTree = "<group>";
		};
		59ECE3831B276D8000F38902 /* Images */ = {
			isa = PBXGroup;
			children = (
				59ECE3841B276D9900F38902 /* Bookmark.png */,
				59ECE3851B276D9900F38902 /* Bookmark.psd */,
				59ECE3861B276D9900F38902 /* Bookmark@2x.png */,
				59ECE3871B276D9900F38902 /* Bookmark@2x.psd */,
				59ECE3881B276D9900F38902 /* Bookmark@3x.png */,
				59ECE3891B276D9900F38902 /* Bookmark@3x.psd */,
				59ECE38A1B276D9900F38902 /* Bookmarked.png */,
				59ECE38B1B276D9900F38902 /* Bookmarked.psd */,
				59ECE38C1B276D9900F38902 /* Bookmarked@2x.png */,
				59ECE38D1B276D9900F38902 /* Bookmarked@2x.psd */,
				59ECE38E1B276D9900F38902 /* Bookmarked@3x.png */,
				59ECE38F1B276D9900F38902 /* Bookmarked@3x.psd */,
				59ECE3901B276D9900F38902 /* PageList.png */,
				59ECE3911B276D9900F38902 /* PageList.psd */,
				59ECE3921B276D9900F38902 /* PageList@2x.png */,
				59ECE3931B276D9900F38902 /* PageList@2x.psd */,
				59ECE3941B276D9900F38902 /* PageList@3x.png */,
				59ECE3951B276D9900F38902 /* PageList@3x.psd */,
				59ECE3961B276D9900F38902 /* Thumbs.png */,
				59ECE3971B276D9900F38902 /* Thumbs.psd */,
				59ECE3981B276D9900F38902 /* Thumbs@2x.png */,
				59ECE3991B276D9900F38902 /* Thumbs@2x.psd */,
				59ECE39A1B276D9900F38902 /* Thumbs@3x.png */,
				59ECE39B1B276D9900F38902 /* Thumbs@3x.psd */,
			);
			name = Images;
			sourceTree = "<group>";
		};
/* End PBXGroup section */

/* Begin PBXNativeTarget section */
		59649EC41AEF1E0A00E5F1AD /* ksvdlmobile */ = {
			isa = PBXNativeTarget;
			buildConfigurationList = 59649EE81AEF1E0A00E5F1AD /* Build configuration list for PBXNativeTarget "ksvdlmobile" */;
			buildPhases = (
				1086412DD8BCF376C1C8F7DB /* Check Pods Manifest.lock */,
				59649EC11AEF1E0A00E5F1AD /* Sources */,
				59649EC21AEF1E0A00E5F1AD /* Frameworks */,
				59649EC31AEF1E0A00E5F1AD /* Resources */,
				510572B9F923CD2D06673906 /* Copy Pods Resources */,
			);
			buildRules = (
			);
			dependencies = (
			);
			name = ksvdlmobile;
			productName = ksvdlmobile;
			productReference = 59649EC51AEF1E0A00E5F1AD /* KSVDL Mobile.app */;
			productType = "com.apple.product-type.application";
		};
		59649EDD1AEF1E0A00E5F1AD /* ksvdlmobileTests */ = {
			isa = PBXNativeTarget;
			buildConfigurationList = 59649EEB1AEF1E0A00E5F1AD /* Build configuration list for PBXNativeTarget "ksvdlmobileTests" */;
			buildPhases = (
				59649EDA1AEF1E0A00E5F1AD /* Sources */,
				59649EDB1AEF1E0A00E5F1AD /* Frameworks */,
				59649EDC1AEF1E0A00E5F1AD /* Resources */,
			);
			buildRules = (
			);
			dependencies = (
				59649EE01AEF1E0A00E5F1AD /* PBXTargetDependency */,
			);
			name = ksvdlmobileTests;
			productName = ksvdlmobileTests;
			productReference = 59649EDE1AEF1E0A00E5F1AD /* ksvdlmobileTests.xctest */;
			productType = "com.apple.product-type.bundle.unit-test";
		};
/* End PBXNativeTarget section */

/* Begin PBXProject section */
		59649EBD1AEF1E0A00E5F1AD /* Project object */ = {
			isa = PBXProject;
			attributes = {
				LastUpgradeCheck = 0610;
				ORGANIZATIONNAME = Praveen;
				TargetAttributes = {
					59649EC41AEF1E0A00E5F1AD = {
						CreatedOnToolsVersion = 6.1.1;
						DevelopmentTeam = 4WC9HWQN3F;
					};
					59649EDD1AEF1E0A00E5F1AD = {
						CreatedOnToolsVersion = 6.1.1;
						TestTargetID = 59649EC41AEF1E0A00E5F1AD;
					};
				};
			};
			buildConfigurationList = 59649EC01AEF1E0A00E5F1AD /* Build configuration list for PBXProject "ksvdlmobile" */;
			compatibilityVersion = "Xcode 3.2";
			developmentRegion = English;
			hasScannedForEncodings = 0;
			knownRegions = (
				en,
				Base,
				da,
				de,
				"es-ES",
				es,
				fr,
				ja,
				pt,
				"zh-Hans",
				"zh-Hant",
			);
			mainGroup = 59649EBC1AEF1E0A00E5F1AD;
			productRefGroup = 59649EC61AEF1E0A00E5F1AD /* Products */;
			projectDirPath = "";
			projectRoot = "";
			targets = (
				59649EC41AEF1E0A00E5F1AD /* ksvdlmobile */,
				59649EDD1AEF1E0A00E5F1AD /* ksvdlmobileTests */,
			);
		};
/* End PBXProject section */

/* Begin PBXResourcesBuildPhase section */
		59649EC31AEF1E0A00E5F1AD /* Resources */ = {
			isa = PBXResourcesBuildPhase;
			buildActionMask = 2147483647;
			files = (
				59ECE3A91B276D9900F38902 /* PageList.psd in Resources */,
				59A024C81B4D88DF00B3A0F7 /* SVWebViewControllerActivitySafari-iPad.png in Resources */,
				59ECE3B01B276D9900F38902 /* Thumbs@2x.png in Resources */,
				CDF95CAE1B603C3C00136270 /* nav_bg.png in Resources */,
				59ECE3A21B276D9900F38902 /* Bookmarked.png in Resources */,
				59ECE3811B276D0300F38902 /* TTOpenInAppActivity7@2x.png in Resources */,
				59ECE3B31B276D9900F38902 /* Thumbs@3x.psd in Resources */,
				59ECE3A61B276D9900F38902 /* Bookmarked@3x.png in Resources */,
				59ECE39C1B276D9900F38902 /* Bookmark.png in Resources */,
				59A024C71B4D88DF00B3A0F7 /* SVWebViewControllerActivityChrome@2x.png in Resources */,
				59ECE3A41B276D9900F38902 /* Bookmarked@2x.png in Resources */,
				59A024C91B4D88DF00B3A0F7 /* SVWebViewControllerActivitySafari-iPad@2x.png in Resources */,
				59649ED41AEF1E0A00E5F1AD /* Main.storyboard in Resources */,
				59ECE3801B276D0300F38902 /* TTOpenInAppActivity7.png in Resources */,
				59ECE3AF1B276D9900F38902 /* Thumbs.psd in Resources */,
				59649ED91AEF1E0A00E5F1AD /* LaunchScreen.xib in Resources */,
				59ECE3A51B276D9900F38902 /* Bookmarked@2x.psd in Resources */,
				59ECE3AC1B276D9900F38902 /* PageList@3x.png in Resources */,
				59ECE3A01B276D9900F38902 /* Bookmark@3x.png in Resources */,
				59ECE3A31B276D9900F38902 /* Bookmarked.psd in Resources */,
				59ECE3AD1B276D9900F38902 /* PageList@3x.psd in Resources */,
				593EBD071B18F656002927B4 /* view-report-button.png in Resources */,
				59ECE3AA1B276D9900F38902 /* PageList@2x.png in Resources */,
				59ECE3A71B276D9900F38902 /* Bookmarked@3x.psd in Resources */,
				59A024C21B4D88DF00B3A0F7 /* SVWebViewController.bundle in Resources */,
				59A024C41B4D88DF00B3A0F7 /* SVWebViewControllerActivityChrome-iPad.png in Resources */,
				59ECE3A11B276D9900F38902 /* Bookmark@3x.psd in Resources */,
				59ECE37E1B276D0300F38902 /* TTOpenInAppActivity.png in Resources */,
				59A024C01B4D88DF00B3A0F7 /* SVWebViewController.strings in Resources */,
				59ECE37F1B276D0300F38902 /* TTOpenInAppActivity@2x.png in Resources */,
				59A024C51B4D88DF00B3A0F7 /* SVWebViewControllerActivityChrome-iPad@2x.png in Resources */,
				59ECE3A81B276D9900F38902 /* PageList.png in Resources */,
				CDE49AD11B21F7D000A98FFA /* L3MEB.png in Resources */,
				59A024CB1B4D88DF00B3A0F7 /* SVWebViewControllerActivitySafari@2x.png in Resources */,
				59ECE39D1B276D9900F38902 /* Bookmark.psd in Resources */,
				59ECE3B11B276D9900F38902 /* Thumbs@2x.psd in Resources */,
				59ECE39E1B276D9900F38902 /* Bookmark@2x.png in Resources */,
				59C2FA021B544A9600AA5020 /* Report.png in Resources */,
				59ECE3AE1B276D9900F38902 /* Thumbs.png in Resources */,
				CD6694DE1B42D5CB00FC6E70 /* addtests.png in Resources */,
				59ECE39F1B276D9900F38902 /* Bookmark@2x.psd in Resources */,
				59ECE3AB1B276D9900F38902 /* PageList@2x.psd in Resources */,
				59ECE3B21B276D9900F38902 /* Thumbs@3x.png in Resources */,
				59649ED61AEF1E0A00E5F1AD /* Images.xcassets in Resources */,
			);
			runOnlyForDeploymentPostprocessing = 0;
		};
		59649EDC1AEF1E0A00E5F1AD /* Resources */ = {
			isa = PBXResourcesBuildPhase;
			buildActionMask = 2147483647;
			files = (
			);
			runOnlyForDeploymentPostprocessing = 0;
		};
/* End PBXResourcesBuildPhase section */

/* Begin PBXShellScriptBuildPhase section */
		1086412DD8BCF376C1C8F7DB /* Check Pods Manifest.lock */ = {
			isa = PBXShellScriptBuildPhase;
			buildActionMask = 2147483647;
			files = (
			);
			inputPaths = (
			);
			name = "Check Pods Manifest.lock";
			outputPaths = (
			);
			runOnlyForDeploymentPostprocessing = 0;
			shellPath = /bin/sh;
			shellScript = "diff \"${PODS_ROOT}/../Podfile.lock\" \"${PODS_ROOT}/Manifest.lock\" > /dev/null\nif [[ $? != 0 ]] ; then\n    cat << EOM\nerror: The sandbox is not in sync with the Podfile.lock. Run 'pod install' or update your CocoaPods installation.\nEOM\n    exit 1\nfi\n";
			showEnvVarsInLog = 0;
		};
		510572B9F923CD2D06673906 /* Copy Pods Resources */ = {
			isa = PBXShellScriptBuildPhase;
			buildActionMask = 2147483647;
			files = (
			);
			inputPaths = (
			);
			name = "Copy Pods Resources";
			outputPaths = (
			);
			runOnlyForDeploymentPostprocessing = 0;
			shellPath = /bin/sh;
			shellScript = "\"${SRCROOT}/Pods/Target Support Files/Pods-ksvdlmobile/Pods-ksvdlmobile-resources.sh\"\n";
			showEnvVarsInLog = 0;
		};
/* End PBXShellScriptBuildPhase section */

/* Begin PBXSourcesBuildPhase section */
		59649EC11AEF1E0A00E5F1AD /* Sources */ = {
			isa = PBXSourcesBuildPhase;
			buildActionMask = 2147483647;
			files = (
				59A024991B4AD90800B3A0F7 /* HttpClient.m in Sources */,
				59649ED11AEF1E0A00E5F1AD /* LoginViewController.m in Sources */,
				CD31DD4D1B20D7D200451866 /* NavigationViewController.m in Sources */,
				59ECE3621B27658900F38902 /* PDFKPageContentView.m in Sources */,
				59ECE3741B276BD400F38902 /* PDFKThumbRequest.m in Sources */,
				593EBCCE1B17B6D8002927B4 /* AccessionReportViewController.m in Sources */,
				59ECE3701B276BD400F38902 /* PDFKThumbCache.m in Sources */,
				59649ECE1AEF1E0A00E5F1AD /* AppDelegate.m in Sources */,
				59ECE3731B276BD400F38902 /* PDFKThumbRenderer.m in Sources */,
				59ECE3711B276BD400F38902 /* PDFKThumbFetcher.m in Sources */,
				59ECE37D1B276D0300F38902 /* TTOpenInAppActivity.m in Sources */,
				59ECE3721B276BD400F38902 /* PDFKThumbQueue.m in Sources */,
				59ECE3601B27658900F38902 /* PDFKPageContent.m in Sources */,
				5933A6BB1B14AD9300831D7D /* AccessionTableCell.m in Sources */,
				CDE49ACF1B21F79200A98FFA /* SWRevealViewController.m in Sources */,
				59649EFA1AF12A3E00E5F1AD /* KeychainItemWrapper.m in Sources */,
				59A024C31B4D88DF00B3A0F7 /* SVWebViewController.m in Sources */,
				59A024C11B4D88DF00B3A0F7 /* SVModalWebViewController.m in Sources */,
				59A0249C1B4ADA2900B3A0F7 /* GlobalConstants.m in Sources */,
				5959A3041B0D18C2005821B0 /* HomeViewController.m in Sources */,
				59A024C61B4D88DF00B3A0F7 /* SVWebViewControllerActivityChrome.m in Sources */,
				59A024961B45C9AC00B3A0F7 /* GradientView.m in Sources */,
				59ECE35E1B27658900F38902 /* PDFKBasicPDFViewerSinglePageCollectionView.m in Sources */,
				CD6694DC1B42D0B600FC6E70 /* AddTestViewController.m in Sources */,
				59649F031B0CC48400E5F1AD /* AuthAPIClient.m in Sources */,
				59ECE34D1B27655800F38902 /* CGPDFDocument.m in Sources */,
				59ECE35D1B27658900F38902 /* PDFKBasicPDFViewer.m in Sources */,
				59ECE3631B27658900F38902 /* PDFKPageScrubber.m in Sources */,
				59ECE3751B276BD400F38902 /* PDFKThumbView.m in Sources */,
				59A024CC1B4D88DF00B3A0F7 /* SVWebViewControllerActivity.m in Sources */,
				59ECE3611B27658900F38902 /* PDFKPageContentLayer.m in Sources */,
				59ECE35F1B27658900F38902 /* PDFKBasicPDFViewerThumbsCollectionView.m in Sources */,
				5933A6BE1B14AFAE00831D7D /* AccessionTableViewController.m in Sources */,
				59ECE34E1B27655800F38902 /* PDFKDocument.m in Sources */,
				59649F001B0B82DC00E5F1AD /* AFOAuth2Client.m in Sources */,
				59649ECB1AEF1E0A00E5F1AD /* main.m in Sources */,
				59A024CA1B4D88DF00B3A0F7 /* SVWebViewControllerActivitySafari.m in Sources */,
			);
			runOnlyForDeploymentPostprocessing = 0;
		};
		59649EDA1AEF1E0A00E5F1AD /* Sources */ = {
			isa = PBXSourcesBuildPhase;
			buildActionMask = 2147483647;
			files = (
				59649EE51AEF1E0A00E5F1AD /* ksvdlmobileTests.m in Sources */,
			);
			runOnlyForDeploymentPostprocessing = 0;
		};
/* End PBXSourcesBuildPhase section */

/* Begin PBXTargetDependency section */
		59649EE01AEF1E0A00E5F1AD /* PBXTargetDependency */ = {
			isa = PBXTargetDependency;
			target = 59649EC41AEF1E0A00E5F1AD /* ksvdlmobile */;
			targetProxy = 59649EDF1AEF1E0A00E5F1AD /* PBXContainerItemProxy */;
		};
/* End PBXTargetDependency section */

/* Begin PBXVariantGroup section */
		59649ED21AEF1E0A00E5F1AD /* Main.storyboard */ = {
			isa = PBXVariantGroup;
			children = (
				59649ED31AEF1E0A00E5F1AD /* Base */,
			);
			name = Main.storyboard;
			sourceTree = "<group>";
		};
		59649ED71AEF1E0A00E5F1AD /* LaunchScreen.xib */ = {
			isa = PBXVariantGroup;
			children = (
				59649ED81AEF1E0A00E5F1AD /* Base */,
			);
			name = LaunchScreen.xib;
			sourceTree = "<group>";
		};
		59A024A11B4D88DF00B3A0F7 /* SVWebViewController.strings */ = {
			isa = PBXVariantGroup;
			children = (
				59A024A21B4D88DF00B3A0F7 /* da */,
				59A024A31B4D88DF00B3A0F7 /* de */,
				59A024A41B4D88DF00B3A0F7 /* en */,
				59A024A51B4D88DF00B3A0F7 /* es-ES */,
				59A024A61B4D88DF00B3A0F7 /* es */,
				59A024A71B4D88DF00B3A0F7 /* fr */,
				59A024A81B4D88DF00B3A0F7 /* ja */,
				59A024A91B4D88DF00B3A0F7 /* pt */,
				59A024BE1B4D88DF00B3A0F7 /* zh-Hans */,
				59A024BF1B4D88DF00B3A0F7 /* zh-Hant */,
			);
			name = SVWebViewController.strings;
			sourceTree = "<group>";
		};
/* End PBXVariantGroup section */

/* Begin XCBuildConfiguration section */
		59649EE61AEF1E0A00E5F1AD /* Debug */ = {
			isa = XCBuildConfiguration;
			buildSettings = {
				ALWAYS_SEARCH_USER_PATHS = NO;
				CLANG_CXX_LANGUAGE_STANDARD = "gnu++0x";
				CLANG_CXX_LIBRARY = "libc++";
				CLANG_ENABLE_MODULES = YES;
				CLANG_ENABLE_OBJC_ARC = YES;
				CLANG_WARN_BOOL_CONVERSION = YES;
				CLANG_WARN_CONSTANT_CONVERSION = YES;
				CLANG_WARN_DIRECT_OBJC_ISA_USAGE = YES_ERROR;
				CLANG_WARN_EMPTY_BODY = YES;
				CLANG_WARN_ENUM_CONVERSION = YES;
				CLANG_WARN_INT_CONVERSION = YES;
				CLANG_WARN_OBJC_ROOT_CLASS = YES_ERROR;
				CLANG_WARN_UNREACHABLE_CODE = YES;
				CLANG_WARN__DUPLICATE_METHOD_MATCH = YES;
				"CODE_SIGN_IDENTITY[sdk=iphoneos*]" = "iPhone Developer";
				COPY_PHASE_STRIP = NO;
				ENABLE_STRICT_OBJC_MSGSEND = YES;
				GCC_C_LANGUAGE_STANDARD = gnu99;
				GCC_DYNAMIC_NO_PIC = NO;
				GCC_OPTIMIZATION_LEVEL = 0;
				GCC_PREPROCESSOR_DEFINITIONS = (
					"DEBUG=1",
					"$(inherited)",
				);
				GCC_SYMBOLS_PRIVATE_EXTERN = NO;
				GCC_WARN_64_TO_32_BIT_CONVERSION = YES;
				GCC_WARN_ABOUT_RETURN_TYPE = YES_ERROR;
				GCC_WARN_UNDECLARED_SELECTOR = YES;
				GCC_WARN_UNINITIALIZED_AUTOS = YES_AGGRESSIVE;
				GCC_WARN_UNUSED_FUNCTION = YES;
				GCC_WARN_UNUSED_VARIABLE = YES;
				IPHONEOS_DEPLOYMENT_TARGET = 8.1;
				MTL_ENABLE_DEBUG_INFO = YES;
				ONLY_ACTIVE_ARCH = YES;
				SDKROOT = iphoneos;
			};
			name = Debug;
		};
		59649EE71AEF1E0A00E5F1AD /* Release */ = {
			isa = XCBuildConfiguration;
			buildSettings = {
				ALWAYS_SEARCH_USER_PATHS = NO;
				CLANG_CXX_LANGUAGE_STANDARD = "gnu++0x";
				CLANG_CXX_LIBRARY = "libc++";
				CLANG_ENABLE_MODULES = YES;
				CLANG_ENABLE_OBJC_ARC = YES;
				CLANG_WARN_BOOL_CONVERSION = YES;
				CLANG_WARN_CONSTANT_CONVERSION = YES;
				CLANG_WARN_DIRECT_OBJC_ISA_USAGE = YES_ERROR;
				CLANG_WARN_EMPTY_BODY = YES;
				CLANG_WARN_ENUM_CONVERSION = YES;
				CLANG_WARN_INT_CONVERSION = YES;
				CLANG_WARN_OBJC_ROOT_CLASS = YES_ERROR;
				CLANG_WARN_UNREACHABLE_CODE = YES;
				CLANG_WARN__DUPLICATE_METHOD_MATCH = YES;
				"CODE_SIGN_IDENTITY[sdk=iphoneos*]" = "iPhone Developer";
				COPY_PHASE_STRIP = YES;
				ENABLE_NS_ASSERTIONS = NO;
				ENABLE_STRICT_OBJC_MSGSEND = YES;
				GCC_C_LANGUAGE_STANDARD = gnu99;
				GCC_WARN_64_TO_32_BIT_CONVERSION = YES;
				GCC_WARN_ABOUT_RETURN_TYPE = YES_ERROR;
				GCC_WARN_UNDECLARED_SELECTOR = YES;
				GCC_WARN_UNINITIALIZED_AUTOS = YES_AGGRESSIVE;
				GCC_WARN_UNUSED_FUNCTION = YES;
				GCC_WARN_UNUSED_VARIABLE = YES;
				IPHONEOS_DEPLOYMENT_TARGET = 8.1;
				MTL_ENABLE_DEBUG_INFO = NO;
				SDKROOT = iphoneos;
				VALIDATE_PRODUCT = YES;
			};
			name = Release;
		};
		59649EE91AEF1E0A00E5F1AD /* Debug */ = {
			isa = XCBuildConfiguration;
			baseConfigurationReference = DE428B8D1A6416EADEFDBF9C /* Pods-ksvdlmobile.debug.xcconfig */;
			buildSettings = {
				ARCHS = "$(ARCHS_STANDARD)";
				ASSETCATALOG_COMPILER_APPICON_NAME = AppIcon;
				CODE_SIGN_IDENTITY = "iPhone Developer";
				INFOPLIST_FILE = ksvdlmobile/Info.plist;
				LD_RUNPATH_SEARCH_PATHS = "$(inherited) @executable_path/Frameworks";
				PRODUCT_NAME = "KSVDL Mobile";
				TARGETED_DEVICE_FAMILY = "1,2";
			};
			name = Debug;
		};
		59649EEA1AEF1E0A00E5F1AD /* Release */ = {
			isa = XCBuildConfiguration;
			baseConfigurationReference = 44D0E988BE2DFEA4D0756528 /* Pods-ksvdlmobile.release.xcconfig */;
			buildSettings = {
				ARCHS = "$(ARCHS_STANDARD)";
				ASSETCATALOG_COMPILER_APPICON_NAME = AppIcon;
				CODE_SIGN_IDENTITY = "iPhone Developer";
				INFOPLIST_FILE = ksvdlmobile/Info.plist;
				LD_RUNPATH_SEARCH_PATHS = "$(inherited) @executable_path/Frameworks";
				PRODUCT_NAME = "KSVDL Mobile";
				TARGETED_DEVICE_FAMILY = "1,2";
			};
			name = Release;
		};
		59649EEC1AEF1E0A00E5F1AD /* Debug */ = {
			isa = XCBuildConfiguration;
			buildSettings = {
				BUNDLE_LOADER = "$(TEST_HOST)";
				FRAMEWORK_SEARCH_PATHS = (
					"$(SDKROOT)/Developer/Library/Frameworks",
					"$(inherited)",
				);
				GCC_PREPROCESSOR_DEFINITIONS = (
					"DEBUG=1",
					"$(inherited)",
				);
				INFOPLIST_FILE = ksvdlmobileTests/Info.plist;
				LD_RUNPATH_SEARCH_PATHS = "$(inherited) @executable_path/Frameworks @loader_path/Frameworks";
				PRODUCT_NAME = "$(TARGET_NAME)";
				TEST_HOST = "$(BUILT_PRODUCTS_DIR)/KSVDL Mobile.app/KSVDL Mobile";
			};
			name = Debug;
		};
		59649EED1AEF1E0A00E5F1AD /* Release */ = {
			isa = XCBuildConfiguration;
			buildSettings = {
				BUNDLE_LOADER = "$(TEST_HOST)";
				FRAMEWORK_SEARCH_PATHS = (
					"$(SDKROOT)/Developer/Library/Frameworks",
					"$(inherited)",
				);
				INFOPLIST_FILE = ksvdlmobileTests/Info.plist;
				LD_RUNPATH_SEARCH_PATHS = "$(inherited) @executable_path/Frameworks @loader_path/Frameworks";
				PRODUCT_NAME = "$(TARGET_NAME)";
				TEST_HOST = "$(BUILT_PRODUCTS_DIR)/KSVDL Mobile.app/KSVDL Mobile";
			};
			name = Release;
		};
/* End XCBuildConfiguration section */

/* Begin XCConfigurationList section */
		59649EC01AEF1E0A00E5F1AD /* Build configuration list for PBXProject "ksvdlmobile" */ = {
			isa = XCConfigurationList;
			buildConfigurations = (
				59649EE61AEF1E0A00E5F1AD /* Debug */,
				59649EE71AEF1E0A00E5F1AD /* Release */,
			);
			defaultConfigurationIsVisible = 0;
			defaultConfigurationName = Release;
		};
		59649EE81AEF1E0A00E5F1AD /* Build configuration list for PBXNativeTarget "ksvdlmobile" */ = {
			isa = XCConfigurationList;
			buildConfigurations = (
				59649EE91AEF1E0A00E5F1AD /* Debug */,
				59649EEA1AEF1E0A00E5F1AD /* Release */,
			);
			defaultConfigurationIsVisible = 0;
			defaultConfigurationName = Release;
		};
		59649EEB1AEF1E0A00E5F1AD /* Build configuration list for PBXNativeTarget "ksvdlmobileTests" */ = {
			isa = XCConfigurationList;
			buildConfigurations = (
				59649EEC1AEF1E0A00E5F1AD /* Debug */,
				59649EED1AEF1E0A00E5F1AD /* Release */,
			);
			defaultConfigurationIsVisible = 0;
			defaultConfigurationName = Release;
		};
/* End XCConfigurationList section */
	};
	rootObject = 59649EBD1AEF1E0A00E5F1AD /* Project object */;
}
